
Microsoft Visual Studio Solution File, Format Version 12.00
# Visual Studio Version 17
VisualStudioVersion = 17.4.33213.308
MinimumVisualStudioVersion = 10.0.40219.1
Project("{2150E333-8FDC-42A3-9474-1A3956D46DE8}") = "Engine", "Engine", "{1EB192D8-3358-49A1-8887-AE14885D0651}"
EndProject
Project("{8BC9CEB8-8B4A-11D0-8D11-00A0C91BC942}") = "SpringEngine", "Engine\SpringEngine\SpringEngine.vcxproj", "{493223D0-2810-4419-92FA-85D01358172A}"
EndProject
Project("{2150E333-8FDC-42A3-9474-1A3956D46DE8}") = "Framework", "Framework", "{7AC7C15C-4D75-4134-A969-AB7C533A7C92}"
EndProject
Project("{8BC9CEB8-8B4A-11D0-8D11-00A0C91BC942}") = "Core", "Framework\Core\Core.vcxproj", "{8F4B88B4-5E01-41EC-B493-C849695E3BEA}"
EndProject
Project("{8BC9CEB8-8B4A-11D0-8D11-00A0C91BC942}") = "Graphics", "Framework\Graphics\Graphics.vcxproj", "{B65D5DA0-642C-4BD6-B9F7-47AECF9CBB9B}"
EndProject
Project("{8BC9CEB8-8B4A-11D0-8D11-00A0C91BC942}") = "Math", "Framework\Math\Math.vcxproj", "{0662AAF0-58E9-4080-A9E6-3569922148BB}"
EndProject
Project("{2150E333-8FDC-42A3-9474-1A3956D46DE8}") = "VGP242", "VGP242", "{0CC862A2-784B-4F17-8D2E-A5C0EA266108}"
EndProject
Project("{8BC9CEB8-8B4A-11D0-8D11-00A0C91BC942}") = "01_HelloWindow", "VGP242\01_HelloWindow\01_HelloWindow.vcxproj", "{ACE54B45-25A4-461E-8E73-1C609ECD7C6F}"
EndProject
Project("{8BC9CEB8-8B4A-11D0-8D11-00A0C91BC942}") = "02_HelloShapes", "VGP242\02_HelloShapes\02_HelloShapes.vcxproj", "{B5E29179-311E-467F-9E51-A4BA5E6CEDDA}"
EndProject
Project("{2150E333-8FDC-42A3-9474-1A3956D46DE8}") = "Assets", "Assets", "{A0233C06-4343-44EE-9775-06633180C822}"
EndProject
Project("{2150E333-8FDC-42A3-9474-1A3956D46DE8}") = "Shaders", "Shaders", "{04549DBF-8F46-4D16-9166-1948C0780DA2}"
	ProjectSection(SolutionItems) = preProject
		Assets\Shaders\CelShader.fx = Assets\Shaders\CelShader.fx
		Assets\Shaders\DoBillboard.fx = Assets\Shaders\DoBillboard.fx
		Assets\Shaders\DoNothing.fx = Assets\Shaders\DoNothing.fx
		Assets\Shaders\DoSomething.fx = Assets\Shaders\DoSomething.fx
		Assets\Shaders\DoTexturing.fx = Assets\Shaders\DoTexturing.fx
		Assets\Shaders\DoTransform.fx = Assets\Shaders\DoTransform.fx
		Assets\Shaders\GaussianBlur.fx = Assets\Shaders\GaussianBlur.fx
		Assets\Shaders\Particle.fx = Assets\Shaders\Particle.fx
		Assets\Shaders\PostProcess.fx = Assets\Shaders\PostProcess.fx
		Assets\Shaders\Shadow.fx = Assets\Shaders\Shadow.fx
		Assets\Shaders\SimpleDraw.fx = Assets\Shaders\SimpleDraw.fx
		Assets\Shaders\Standard.fx = Assets\Shaders\Standard.fx
		Assets\Shaders\Terrain.fx = Assets\Shaders\Terrain.fx
	EndProjectSection
EndProject
Project("{8BC9CEB8-8B4A-11D0-8D11-00A0C91BC942}") = "Input", "Framework\Input\Input.vcxproj", "{3629F01A-6FED-42EB-B308-E9F7F1346EAF}"
EndProject
Project("{8BC9CEB8-8B4A-11D0-8D11-00A0C91BC942}") = "03_HelloCube", "VGP242\03_HelloCube\03_HelloCube.vcxproj", "{34EBA08C-0F31-4C67-8C21-9C1F3743D307}"
EndProject
Project("{8BC9CEB8-8B4A-11D0-8D11-00A0C91BC942}") = "04_HelloMeshBuilder", "VGP242\04_HelloMeshBuilder\04_HelloMeshBuilder.vcxproj", "{BE9965AB-6CB1-4023-8098-D97740240253}"
EndProject
Project("{2150E333-8FDC-42A3-9474-1A3956D46DE8}") = "External", "External", "{C5BFC193-0FB4-4593-AE46-FC9EBC8283DA}"
EndProject
Project("{8BC9CEB8-8B4A-11D0-8D11-00A0C91BC942}") = "DirectXTK_Desktop_2019", "External\DirectXTK\DirectXTK_Desktop_2019.vcxproj", "{E0B52AE7-E160-4D32-BF3F-910B785E5A8E}"
EndProject
Project("{8BC9CEB8-8B4A-11D0-8D11-00A0C91BC942}") = "05_HelloSimpleDraw", "VGP242\05_HelloSimpleDraw\05_HelloSimpleDraw.vcxproj", "{65F2231D-FB85-4703-881B-260D58692533}"
EndProject
Project("{8BC9CEB8-8B4A-11D0-8D11-00A0C91BC942}") = "06_HelloImGui", "VGP242\06_HelloImGui\06_HelloImGui.vcxproj", "{228431E1-BC30-4170-A212-59BD12A4628A}"
EndProject
Project("{8BC9CEB8-8B4A-11D0-8D11-00A0C91BC942}") = "ImGui", "External\ImGui\ImGui.vcxproj", "{52D656A2-A2F4-4C54-A3C7-653427BED1E8}"
EndProject
Project("{8BC9CEB8-8B4A-11D0-8D11-00A0C91BC942}") = "07_HelloRenderTarget", "VGP242\07_HelloRenderTarget\07_HelloRenderTarget.vcxproj", "{655FDAF0-D851-44F1-9788-FDEC619C2818}"
EndProject
Project("{2150E333-8FDC-42A3-9474-1A3956D46DE8}") = "VGP330", "VGP330", "{D164FDA5-D8A7-4AAF-9B7E-48041364F61E}"
EndProject
Project("{8BC9CEB8-8B4A-11D0-8D11-00A0C91BC942}") = "08_Lighting", "VGP330\08_Lighting\08_Lighting.vcxproj", "{F9142E47-386E-46AE-B93A-5EA9256E02D9}"
EndProject
Project("{2150E333-8FDC-42A3-9474-1A3956D46DE8}") = "Tools", "Tools", "{8C0E6D88-4B22-4D8C-B0AA-C3130A1389EB}"
EndProject
Project("{8BC9CEB8-8B4A-11D0-8D11-00A0C91BC942}") = "ModelImporter", "Tools\ModelImporter\ModelImporter.vcxproj", "{384FB0D2-D46B-4C8F-A13E-555D3B572DA7}"
EndProject
Project("{8BC9CEB8-8B4A-11D0-8D11-00A0C91BC942}") = "09_Model", "VGP330\09_Model\09_Model.vcxproj", "{EDC876AF-5EFE-4A2F-BAA4-99C6CDABCA05}"
EndProject
Project("{8BC9CEB8-8B4A-11D0-8D11-00A0C91BC942}") = "10_PostProcessing", "VGP330\10_PostProcessing\10_PostProcessing.vcxproj", "{712139AD-2776-49C5-835A-83AF99A4AD2C}"
EndProject
Project("{8BC9CEB8-8B4A-11D0-8D11-00A0C91BC942}") = "11_Shadow", "VGP330\11_Shadow\11_Shadow.vcxproj", "{9752EFD8-391D-4547-9B11-0E1A3E34584F}"
EndProject
Project("{8BC9CEB8-8B4A-11D0-8D11-00A0C91BC942}") = "12_Terrain", "VGP330\12_Terrain\12_Terrain.vcxproj", "{DF904FC1-580A-4DE0-BAA3-0DFED47F19AE}"
EndProject
Project("{8BC9CEB8-8B4A-11D0-8D11-00A0C91BC942}") = "13_Billboard", "VGP330\13_Billboard\13_Billboard.vcxproj", "{6EDA03E2-9873-49BC-AE18-F1F62102ACA7}"
EndProject
Project("{8BC9CEB8-8B4A-11D0-8D11-00A0C91BC942}") = "Final", "VGP330\Final\Final.vcxproj", "{AE46B314-398F-488A-87CA-03C136860CB4}"
EndProject
Project("{2150E333-8FDC-42A3-9474-1A3956D46DE8}") = "VGP334", "VGP334", "{C76CD4A2-1B27-4369-B4F3-15EA1C36CFB9}"
EndProject
Project("{8BC9CEB8-8B4A-11D0-8D11-00A0C91BC942}") = "14_HelloQuaternion", "VGP334\14_HelloQuaternion\14_HelloQuaternion.vcxproj", "{5389BCAA-27BE-4494-8983-572907030CE5}"
EndProject
Project("{8BC9CEB8-8B4A-11D0-8D11-00A0C91BC942}") = "15_Animation", "VGP334\15_Animation\15_Animation.vcxproj", "{6B3F26AA-353E-43DA-BE84-B622784008B8}"
EndProject
Project("{8BC9CEB8-8B4A-11D0-8D11-00A0C91BC942}") = "16_Skeleton", "VGP334\16_Skeleton\16_Skeleton.vcxproj", "{D0DA6C71-EFFB-4AC6-9649-B15792A09B30}"
EndProject
Project("{8BC9CEB8-8B4A-11D0-8D11-00A0C91BC942}") = "17_SkeletonAnimation", "VGP334\17_SkeletonAnimation\17_SkeletonAnimation.vcxproj", "{D220E88D-1D5A-4758-86DD-69F8D330DA20}"
EndProject
Project("{8BC9CEB8-8B4A-11D0-8D11-00A0C91BC942}") = "Bullet", "External\Bullet\Bullet.vcxproj", "{516192EB-788A-4FE7-B2B7-2EF9AC036B12}"
EndProject
Project("{8BC9CEB8-8B4A-11D0-8D11-00A0C91BC942}") = "Physics", "Framework\Physics\Physics.vcxproj", "{22D73C44-2324-4B5E-8029-F974A979F09E}"
EndProject
Project("{8BC9CEB8-8B4A-11D0-8D11-00A0C91BC942}") = "18_Physics", "VGP334\18_Physics\18_Physics.vcxproj", "{F269A3B4-DA92-417F-ADA6-0F943AA66EEE}"
EndProject
Project("{8BC9CEB8-8B4A-11D0-8D11-00A0C91BC942}") = "19_SoftBody", "VGP334\19_SoftBody\19_SoftBody.vcxproj", "{29BE3DC8-C123-454B-93AD-B9DE4411E811}"
EndProject
Project("{8BC9CEB8-8B4A-11D0-8D11-00A0C91BC942}") = "20_ParticleSystem", "VGP334\20_ParticleSystem\20_ParticleSystem.vcxproj", "{A2FA5B8D-4359-4CF3-A9AD-44F660605FAB}"
EndProject
Project("{8BC9CEB8-8B4A-11D0-8D11-00A0C91BC942}") = "21_Events", "VGP334\21_Events\21_Events.vcxproj", "{B6458D7F-B963-41C2-8BAB-63981635A6BD}"
EndProject
Global
	GlobalSection(SolutionConfigurationPlatforms) = preSolution
		Debug|x64 = Debug|x64
		Debug|x86 = Debug|x86
		Release|x64 = Release|x64
		Release|x86 = Release|x86
	EndGlobalSection
	GlobalSection(ProjectConfigurationPlatforms) = postSolution
		{493223D0-2810-4419-92FA-85D01358172A}.Debug|x64.ActiveCfg = Debug|x64
		{493223D0-2810-4419-92FA-85D01358172A}.Debug|x64.Build.0 = Debug|x64
		{493223D0-2810-4419-92FA-85D01358172A}.Debug|x86.ActiveCfg = Debug|Win32
		{493223D0-2810-4419-92FA-85D01358172A}.Debug|x86.Build.0 = Debug|Win32
		{493223D0-2810-4419-92FA-85D01358172A}.Release|x64.ActiveCfg = Release|x64
		{493223D0-2810-4419-92FA-85D01358172A}.Release|x64.Build.0 = Release|x64
		{493223D0-2810-4419-92FA-85D01358172A}.Release|x86.ActiveCfg = Release|Win32
		{493223D0-2810-4419-92FA-85D01358172A}.Release|x86.Build.0 = Release|Win32
		{8F4B88B4-5E01-41EC-B493-C849695E3BEA}.Debug|x64.ActiveCfg = Debug|x64
		{8F4B88B4-5E01-41EC-B493-C849695E3BEA}.Debug|x64.Build.0 = Debug|x64
		{8F4B88B4-5E01-41EC-B493-C849695E3BEA}.Debug|x86.ActiveCfg = Debug|Win32
		{8F4B88B4-5E01-41EC-B493-C849695E3BEA}.Debug|x86.Build.0 = Debug|Win32
		{8F4B88B4-5E01-41EC-B493-C849695E3BEA}.Release|x64.ActiveCfg = Release|x64
		{8F4B88B4-5E01-41EC-B493-C849695E3BEA}.Release|x64.Build.0 = Release|x64
		{8F4B88B4-5E01-41EC-B493-C849695E3BEA}.Release|x86.ActiveCfg = Release|Win32
		{8F4B88B4-5E01-41EC-B493-C849695E3BEA}.Release|x86.Build.0 = Release|Win32
		{B65D5DA0-642C-4BD6-B9F7-47AECF9CBB9B}.Debug|x64.ActiveCfg = Debug|x64
		{B65D5DA0-642C-4BD6-B9F7-47AECF9CBB9B}.Debug|x64.Build.0 = Debug|x64
		{B65D5DA0-642C-4BD6-B9F7-47AECF9CBB9B}.Debug|x86.ActiveCfg = Debug|Win32
		{B65D5DA0-642C-4BD6-B9F7-47AECF9CBB9B}.Debug|x86.Build.0 = Debug|Win32
		{B65D5DA0-642C-4BD6-B9F7-47AECF9CBB9B}.Release|x64.ActiveCfg = Release|x64
		{B65D5DA0-642C-4BD6-B9F7-47AECF9CBB9B}.Release|x64.Build.0 = Release|x64
		{B65D5DA0-642C-4BD6-B9F7-47AECF9CBB9B}.Release|x86.ActiveCfg = Release|Win32
		{B65D5DA0-642C-4BD6-B9F7-47AECF9CBB9B}.Release|x86.Build.0 = Release|Win32
		{0662AAF0-58E9-4080-A9E6-3569922148BB}.Debug|x64.ActiveCfg = Debug|x64
		{0662AAF0-58E9-4080-A9E6-3569922148BB}.Debug|x64.Build.0 = Debug|x64
		{0662AAF0-58E9-4080-A9E6-3569922148BB}.Debug|x86.ActiveCfg = Debug|Win32
		{0662AAF0-58E9-4080-A9E6-3569922148BB}.Debug|x86.Build.0 = Debug|Win32
		{0662AAF0-58E9-4080-A9E6-3569922148BB}.Release|x64.ActiveCfg = Release|x64
		{0662AAF0-58E9-4080-A9E6-3569922148BB}.Release|x64.Build.0 = Release|x64
		{0662AAF0-58E9-4080-A9E6-3569922148BB}.Release|x86.ActiveCfg = Release|Win32
		{0662AAF0-58E9-4080-A9E6-3569922148BB}.Release|x86.Build.0 = Release|Win32
		{ACE54B45-25A4-461E-8E73-1C609ECD7C6F}.Debug|x64.ActiveCfg = Debug|x64
		{ACE54B45-25A4-461E-8E73-1C609ECD7C6F}.Debug|x64.Build.0 = Debug|x64
		{ACE54B45-25A4-461E-8E73-1C609ECD7C6F}.Debug|x86.ActiveCfg = Debug|Win32
		{ACE54B45-25A4-461E-8E73-1C609ECD7C6F}.Debug|x86.Build.0 = Debug|Win32
		{ACE54B45-25A4-461E-8E73-1C609ECD7C6F}.Release|x64.ActiveCfg = Release|x64
		{ACE54B45-25A4-461E-8E73-1C609ECD7C6F}.Release|x64.Build.0 = Release|x64
		{ACE54B45-25A4-461E-8E73-1C609ECD7C6F}.Release|x86.ActiveCfg = Release|Win32
		{ACE54B45-25A4-461E-8E73-1C609ECD7C6F}.Release|x86.Build.0 = Release|Win32
		{B5E29179-311E-467F-9E51-A4BA5E6CEDDA}.Debug|x64.ActiveCfg = Debug|x64
		{B5E29179-311E-467F-9E51-A4BA5E6CEDDA}.Debug|x64.Build.0 = Debug|x64
		{B5E29179-311E-467F-9E51-A4BA5E6CEDDA}.Debug|x86.ActiveCfg = Debug|Win32
		{B5E29179-311E-467F-9E51-A4BA5E6CEDDA}.Debug|x86.Build.0 = Debug|Win32
		{B5E29179-311E-467F-9E51-A4BA5E6CEDDA}.Release|x64.ActiveCfg = Release|x64
		{B5E29179-311E-467F-9E51-A4BA5E6CEDDA}.Release|x64.Build.0 = Release|x64
		{B5E29179-311E-467F-9E51-A4BA5E6CEDDA}.Release|x86.ActiveCfg = Release|Win32
		{B5E29179-311E-467F-9E51-A4BA5E6CEDDA}.Release|x86.Build.0 = Release|Win32
		{3629F01A-6FED-42EB-B308-E9F7F1346EAF}.Debug|x64.ActiveCfg = Debug|x64
		{3629F01A-6FED-42EB-B308-E9F7F1346EAF}.Debug|x64.Build.0 = Debug|x64
		{3629F01A-6FED-42EB-B308-E9F7F1346EAF}.Debug|x86.ActiveCfg = Debug|Win32
		{3629F01A-6FED-42EB-B308-E9F7F1346EAF}.Debug|x86.Build.0 = Debug|Win32
		{3629F01A-6FED-42EB-B308-E9F7F1346EAF}.Release|x64.ActiveCfg = Release|x64
		{3629F01A-6FED-42EB-B308-E9F7F1346EAF}.Release|x64.Build.0 = Release|x64
		{3629F01A-6FED-42EB-B308-E9F7F1346EAF}.Release|x86.ActiveCfg = Release|Win32
		{3629F01A-6FED-42EB-B308-E9F7F1346EAF}.Release|x86.Build.0 = Release|Win32
		{34EBA08C-0F31-4C67-8C21-9C1F3743D307}.Debug|x64.ActiveCfg = Debug|x64
		{34EBA08C-0F31-4C67-8C21-9C1F3743D307}.Debug|x64.Build.0 = Debug|x64
		{34EBA08C-0F31-4C67-8C21-9C1F3743D307}.Debug|x86.ActiveCfg = Debug|Win32
		{34EBA08C-0F31-4C67-8C21-9C1F3743D307}.Debug|x86.Build.0 = Debug|Win32
		{34EBA08C-0F31-4C67-8C21-9C1F3743D307}.Release|x64.ActiveCfg = Release|x64
		{34EBA08C-0F31-4C67-8C21-9C1F3743D307}.Release|x64.Build.0 = Release|x64
		{34EBA08C-0F31-4C67-8C21-9C1F3743D307}.Release|x86.ActiveCfg = Release|Win32
		{34EBA08C-0F31-4C67-8C21-9C1F3743D307}.Release|x86.Build.0 = Release|Win32
		{BE9965AB-6CB1-4023-8098-D97740240253}.Debug|x64.ActiveCfg = Debug|x64
		{BE9965AB-6CB1-4023-8098-D97740240253}.Debug|x64.Build.0 = Debug|x64
		{BE9965AB-6CB1-4023-8098-D97740240253}.Debug|x86.ActiveCfg = Debug|Win32
		{BE9965AB-6CB1-4023-8098-D97740240253}.Debug|x86.Build.0 = Debug|Win32
		{BE9965AB-6CB1-4023-8098-D97740240253}.Release|x64.ActiveCfg = Release|x64
		{BE9965AB-6CB1-4023-8098-D97740240253}.Release|x64.Build.0 = Release|x64
		{BE9965AB-6CB1-4023-8098-D97740240253}.Release|x86.ActiveCfg = Release|Win32
		{BE9965AB-6CB1-4023-8098-D97740240253}.Release|x86.Build.0 = Release|Win32
		{E0B52AE7-E160-4D32-BF3F-910B785E5A8E}.Debug|x64.ActiveCfg = Debug|x64
		{E0B52AE7-E160-4D32-BF3F-910B785E5A8E}.Debug|x64.Build.0 = Debug|x64
		{E0B52AE7-E160-4D32-BF3F-910B785E5A8E}.Debug|x86.ActiveCfg = Debug|Win32
		{E0B52AE7-E160-4D32-BF3F-910B785E5A8E}.Debug|x86.Build.0 = Debug|Win32
		{E0B52AE7-E160-4D32-BF3F-910B785E5A8E}.Release|x64.ActiveCfg = Release|x64
		{E0B52AE7-E160-4D32-BF3F-910B785E5A8E}.Release|x64.Build.0 = Release|x64
		{E0B52AE7-E160-4D32-BF3F-910B785E5A8E}.Release|x86.ActiveCfg = Release|Win32
		{E0B52AE7-E160-4D32-BF3F-910B785E5A8E}.Release|x86.Build.0 = Release|Win32
		{65F2231D-FB85-4703-881B-260D58692533}.Debug|x64.ActiveCfg = Debug|x64
		{65F2231D-FB85-4703-881B-260D58692533}.Debug|x64.Build.0 = Debug|x64
		{65F2231D-FB85-4703-881B-260D58692533}.Debug|x86.ActiveCfg = Debug|Win32
		{65F2231D-FB85-4703-881B-260D58692533}.Debug|x86.Build.0 = Debug|Win32
		{65F2231D-FB85-4703-881B-260D58692533}.Release|x64.ActiveCfg = Release|x64
		{65F2231D-FB85-4703-881B-260D58692533}.Release|x64.Build.0 = Release|x64
		{65F2231D-FB85-4703-881B-260D58692533}.Release|x86.ActiveCfg = Release|Win32
		{65F2231D-FB85-4703-881B-260D58692533}.Release|x86.Build.0 = Release|Win32
		{228431E1-BC30-4170-A212-59BD12A4628A}.Debug|x64.ActiveCfg = Debug|x64
		{228431E1-BC30-4170-A212-59BD12A4628A}.Debug|x64.Build.0 = Debug|x64
		{228431E1-BC30-4170-A212-59BD12A4628A}.Debug|x86.ActiveCfg = Debug|Win32
		{228431E1-BC30-4170-A212-59BD12A4628A}.Debug|x86.Build.0 = Debug|Win32
		{228431E1-BC30-4170-A212-59BD12A4628A}.Release|x64.ActiveCfg = Release|x64
		{228431E1-BC30-4170-A212-59BD12A4628A}.Release|x64.Build.0 = Release|x64
		{228431E1-BC30-4170-A212-59BD12A4628A}.Release|x86.ActiveCfg = Release|Win32
		{228431E1-BC30-4170-A212-59BD12A4628A}.Release|x86.Build.0 = Release|Win32
		{52D656A2-A2F4-4C54-A3C7-653427BED1E8}.Debug|x64.ActiveCfg = Debug|x64
		{52D656A2-A2F4-4C54-A3C7-653427BED1E8}.Debug|x64.Build.0 = Debug|x64
		{52D656A2-A2F4-4C54-A3C7-653427BED1E8}.Debug|x86.ActiveCfg = Debug|Win32
		{52D656A2-A2F4-4C54-A3C7-653427BED1E8}.Debug|x86.Build.0 = Debug|Win32
		{52D656A2-A2F4-4C54-A3C7-653427BED1E8}.Release|x64.ActiveCfg = Release|x64
		{52D656A2-A2F4-4C54-A3C7-653427BED1E8}.Release|x64.Build.0 = Release|x64
		{52D656A2-A2F4-4C54-A3C7-653427BED1E8}.Release|x86.ActiveCfg = Release|Win32
		{52D656A2-A2F4-4C54-A3C7-653427BED1E8}.Release|x86.Build.0 = Release|Win32
		{655FDAF0-D851-44F1-9788-FDEC619C2818}.Debug|x64.ActiveCfg = Debug|x64
		{655FDAF0-D851-44F1-9788-FDEC619C2818}.Debug|x64.Build.0 = Debug|x64
		{655FDAF0-D851-44F1-9788-FDEC619C2818}.Debug|x86.ActiveCfg = Debug|Win32
		{655FDAF0-D851-44F1-9788-FDEC619C2818}.Debug|x86.Build.0 = Debug|Win32
		{655FDAF0-D851-44F1-9788-FDEC619C2818}.Release|x64.ActiveCfg = Release|x64
		{655FDAF0-D851-44F1-9788-FDEC619C2818}.Release|x64.Build.0 = Release|x64
		{655FDAF0-D851-44F1-9788-FDEC619C2818}.Release|x86.ActiveCfg = Release|Win32
		{655FDAF0-D851-44F1-9788-FDEC619C2818}.Release|x86.Build.0 = Release|Win32
		{F9142E47-386E-46AE-B93A-5EA9256E02D9}.Debug|x64.ActiveCfg = Debug|x64
		{F9142E47-386E-46AE-B93A-5EA9256E02D9}.Debug|x64.Build.0 = Debug|x64
		{F9142E47-386E-46AE-B93A-5EA9256E02D9}.Debug|x86.ActiveCfg = Debug|Win32
		{F9142E47-386E-46AE-B93A-5EA9256E02D9}.Debug|x86.Build.0 = Debug|Win32
		{F9142E47-386E-46AE-B93A-5EA9256E02D9}.Release|x64.ActiveCfg = Release|x64
		{F9142E47-386E-46AE-B93A-5EA9256E02D9}.Release|x64.Build.0 = Release|x64
		{F9142E47-386E-46AE-B93A-5EA9256E02D9}.Release|x86.ActiveCfg = Release|Win32
		{F9142E47-386E-46AE-B93A-5EA9256E02D9}.Release|x86.Build.0 = Release|Win32
		{384FB0D2-D46B-4C8F-A13E-555D3B572DA7}.Debug|x64.ActiveCfg = Debug|x64
		{384FB0D2-D46B-4C8F-A13E-555D3B572DA7}.Debug|x64.Build.0 = Debug|x64
		{384FB0D2-D46B-4C8F-A13E-555D3B572DA7}.Debug|x86.ActiveCfg = Debug|Win32
		{384FB0D2-D46B-4C8F-A13E-555D3B572DA7}.Debug|x86.Build.0 = Debug|Win32
		{384FB0D2-D46B-4C8F-A13E-555D3B572DA7}.Release|x64.ActiveCfg = Release|x64
		{384FB0D2-D46B-4C8F-A13E-555D3B572DA7}.Release|x64.Build.0 = Release|x64
		{384FB0D2-D46B-4C8F-A13E-555D3B572DA7}.Release|x86.ActiveCfg = Release|Win32
		{384FB0D2-D46B-4C8F-A13E-555D3B572DA7}.Release|x86.Build.0 = Release|Win32
		{EDC876AF-5EFE-4A2F-BAA4-99C6CDABCA05}.Debug|x64.ActiveCfg = Debug|x64
		{EDC876AF-5EFE-4A2F-BAA4-99C6CDABCA05}.Debug|x64.Build.0 = Debug|x64
		{EDC876AF-5EFE-4A2F-BAA4-99C6CDABCA05}.Debug|x86.ActiveCfg = Debug|Win32
		{EDC876AF-5EFE-4A2F-BAA4-99C6CDABCA05}.Debug|x86.Build.0 = Debug|Win32
		{EDC876AF-5EFE-4A2F-BAA4-99C6CDABCA05}.Release|x64.ActiveCfg = Release|x64
		{EDC876AF-5EFE-4A2F-BAA4-99C6CDABCA05}.Release|x64.Build.0 = Release|x64
		{EDC876AF-5EFE-4A2F-BAA4-99C6CDABCA05}.Release|x86.ActiveCfg = Release|Win32
		{EDC876AF-5EFE-4A2F-BAA4-99C6CDABCA05}.Release|x86.Build.0 = Release|Win32
		{712139AD-2776-49C5-835A-83AF99A4AD2C}.Debug|x64.ActiveCfg = Debug|x64
		{712139AD-2776-49C5-835A-83AF99A4AD2C}.Debug|x64.Build.0 = Debug|x64
		{712139AD-2776-49C5-835A-83AF99A4AD2C}.Debug|x86.ActiveCfg = Debug|Win32
		{712139AD-2776-49C5-835A-83AF99A4AD2C}.Debug|x86.Build.0 = Debug|Win32
		{712139AD-2776-49C5-835A-83AF99A4AD2C}.Release|x64.ActiveCfg = Release|x64
		{712139AD-2776-49C5-835A-83AF99A4AD2C}.Release|x64.Build.0 = Release|x64
		{712139AD-2776-49C5-835A-83AF99A4AD2C}.Release|x86.ActiveCfg = Release|Win32
		{712139AD-2776-49C5-835A-83AF99A4AD2C}.Release|x86.Build.0 = Release|Win32
		{9752EFD8-391D-4547-9B11-0E1A3E34584F}.Debug|x64.ActiveCfg = Debug|x64
		{9752EFD8-391D-4547-9B11-0E1A3E34584F}.Debug|x64.Build.0 = Debug|x64
		{9752EFD8-391D-4547-9B11-0E1A3E34584F}.Debug|x86.ActiveCfg = Debug|Win32
		{9752EFD8-391D-4547-9B11-0E1A3E34584F}.Debug|x86.Build.0 = Debug|Win32
		{9752EFD8-391D-4547-9B11-0E1A3E34584F}.Release|x64.ActiveCfg = Release|x64
		{9752EFD8-391D-4547-9B11-0E1A3E34584F}.Release|x64.Build.0 = Release|x64
		{9752EFD8-391D-4547-9B11-0E1A3E34584F}.Release|x86.ActiveCfg = Release|Win32
		{9752EFD8-391D-4547-9B11-0E1A3E34584F}.Release|x86.Build.0 = Release|Win32
		{DF904FC1-580A-4DE0-BAA3-0DFED47F19AE}.Debug|x64.ActiveCfg = Debug|x64
		{DF904FC1-580A-4DE0-BAA3-0DFED47F19AE}.Debug|x64.Build.0 = Debug|x64
		{DF904FC1-580A-4DE0-BAA3-0DFED47F19AE}.Debug|x86.ActiveCfg = Debug|Win32
		{DF904FC1-580A-4DE0-BAA3-0DFED47F19AE}.Debug|x86.Build.0 = Debug|Win32
		{DF904FC1-580A-4DE0-BAA3-0DFED47F19AE}.Release|x64.ActiveCfg = Release|x64
		{DF904FC1-580A-4DE0-BAA3-0DFED47F19AE}.Release|x64.Build.0 = Release|x64
		{DF904FC1-580A-4DE0-BAA3-0DFED47F19AE}.Release|x86.ActiveCfg = Release|Win32
		{DF904FC1-580A-4DE0-BAA3-0DFED47F19AE}.Release|x86.Build.0 = Release|Win32
		{6EDA03E2-9873-49BC-AE18-F1F62102ACA7}.Debug|x64.ActiveCfg = Debug|x64
		{6EDA03E2-9873-49BC-AE18-F1F62102ACA7}.Debug|x64.Build.0 = Debug|x64
		{6EDA03E2-9873-49BC-AE18-F1F62102ACA7}.Debug|x86.ActiveCfg = Debug|Win32
		{6EDA03E2-9873-49BC-AE18-F1F62102ACA7}.Debug|x86.Build.0 = Debug|Win32
		{6EDA03E2-9873-49BC-AE18-F1F62102ACA7}.Release|x64.ActiveCfg = Release|x64
		{6EDA03E2-9873-49BC-AE18-F1F62102ACA7}.Release|x64.Build.0 = Release|x64
		{6EDA03E2-9873-49BC-AE18-F1F62102ACA7}.Release|x86.ActiveCfg = Release|Win32
		{6EDA03E2-9873-49BC-AE18-F1F62102ACA7}.Release|x86.Build.0 = Release|Win32
		{AE46B314-398F-488A-87CA-03C136860CB4}.Debug|x64.ActiveCfg = Debug|x64
		{AE46B314-398F-488A-87CA-03C136860CB4}.Debug|x64.Build.0 = Debug|x64
		{AE46B314-398F-488A-87CA-03C136860CB4}.Debug|x86.ActiveCfg = Debug|Win32
		{AE46B314-398F-488A-87CA-03C136860CB4}.Debug|x86.Build.0 = Debug|Win32
		{AE46B314-398F-488A-87CA-03C136860CB4}.Release|x64.ActiveCfg = Release|x64
		{AE46B314-398F-488A-87CA-03C136860CB4}.Release|x64.Build.0 = Release|x64
		{AE46B314-398F-488A-87CA-03C136860CB4}.Release|x86.ActiveCfg = Release|Win32
		{AE46B314-398F-488A-87CA-03C136860CB4}.Release|x86.Build.0 = Release|Win32
		{5389BCAA-27BE-4494-8983-572907030CE5}.Debug|x64.ActiveCfg = Debug|x64
		{5389BCAA-27BE-4494-8983-572907030CE5}.Debug|x64.Build.0 = Debug|x64
		{5389BCAA-27BE-4494-8983-572907030CE5}.Debug|x86.ActiveCfg = Debug|Win32
		{5389BCAA-27BE-4494-8983-572907030CE5}.Debug|x86.Build.0 = Debug|Win32
		{5389BCAA-27BE-4494-8983-572907030CE5}.Release|x64.ActiveCfg = Release|x64
		{5389BCAA-27BE-4494-8983-572907030CE5}.Release|x64.Build.0 = Release|x64
		{5389BCAA-27BE-4494-8983-572907030CE5}.Release|x86.ActiveCfg = Release|Win32
		{5389BCAA-27BE-4494-8983-572907030CE5}.Release|x86.Build.0 = Release|Win32
		{6B3F26AA-353E-43DA-BE84-B622784008B8}.Debug|x64.ActiveCfg = Debug|x64
		{6B3F26AA-353E-43DA-BE84-B622784008B8}.Debug|x64.Build.0 = Debug|x64
		{6B3F26AA-353E-43DA-BE84-B622784008B8}.Debug|x86.ActiveCfg = Debug|Win32
		{6B3F26AA-353E-43DA-BE84-B622784008B8}.Debug|x86.Build.0 = Debug|Win32
		{6B3F26AA-353E-43DA-BE84-B622784008B8}.Release|x64.ActiveCfg = Release|x64
		{6B3F26AA-353E-43DA-BE84-B622784008B8}.Release|x64.Build.0 = Release|x64
		{6B3F26AA-353E-43DA-BE84-B622784008B8}.Release|x86.ActiveCfg = Release|Win32
		{6B3F26AA-353E-43DA-BE84-B622784008B8}.Release|x86.Build.0 = Release|Win32
		{D0DA6C71-EFFB-4AC6-9649-B15792A09B30}.Debug|x64.ActiveCfg = Debug|x64
		{D0DA6C71-EFFB-4AC6-9649-B15792A09B30}.Debug|x64.Build.0 = Debug|x64
		{D0DA6C71-EFFB-4AC6-9649-B15792A09B30}.Debug|x86.ActiveCfg = Debug|Win32
		{D0DA6C71-EFFB-4AC6-9649-B15792A09B30}.Debug|x86.Build.0 = Debug|Win32
		{D0DA6C71-EFFB-4AC6-9649-B15792A09B30}.Release|x64.ActiveCfg = Release|x64
		{D0DA6C71-EFFB-4AC6-9649-B15792A09B30}.Release|x64.Build.0 = Release|x64
		{D0DA6C71-EFFB-4AC6-9649-B15792A09B30}.Release|x86.ActiveCfg = Release|Win32
		{D0DA6C71-EFFB-4AC6-9649-B15792A09B30}.Release|x86.Build.0 = Release|Win32
		{D220E88D-1D5A-4758-86DD-69F8D330DA20}.Debug|x64.ActiveCfg = Debug|x64
		{D220E88D-1D5A-4758-86DD-69F8D330DA20}.Debug|x64.Build.0 = Debug|x64
		{D220E88D-1D5A-4758-86DD-69F8D330DA20}.Debug|x86.ActiveCfg = Debug|Win32
		{D220E88D-1D5A-4758-86DD-69F8D330DA20}.Debug|x86.Build.0 = Debug|Win32
		{D220E88D-1D5A-4758-86DD-69F8D330DA20}.Release|x64.ActiveCfg = Release|x64
		{D220E88D-1D5A-4758-86DD-69F8D330DA20}.Release|x64.Build.0 = Release|x64
		{D220E88D-1D5A-4758-86DD-69F8D330DA20}.Release|x86.ActiveCfg = Release|Win32
		{D220E88D-1D5A-4758-86DD-69F8D330DA20}.Release|x86.Build.0 = Release|Win32
		{516192EB-788A-4FE7-B2B7-2EF9AC036B12}.Debug|x64.ActiveCfg = Debug|x64
		{516192EB-788A-4FE7-B2B7-2EF9AC036B12}.Debug|x64.Build.0 = Debug|x64
		{516192EB-788A-4FE7-B2B7-2EF9AC036B12}.Debug|x86.ActiveCfg = Debug|Win32
		{516192EB-788A-4FE7-B2B7-2EF9AC036B12}.Debug|x86.Build.0 = Debug|Win32
		{516192EB-788A-4FE7-B2B7-2EF9AC036B12}.Release|x64.ActiveCfg = Release|x64
		{516192EB-788A-4FE7-B2B7-2EF9AC036B12}.Release|x64.Build.0 = Release|x64
		{516192EB-788A-4FE7-B2B7-2EF9AC036B12}.Release|x86.ActiveCfg = Release|Win32
		{516192EB-788A-4FE7-B2B7-2EF9AC036B12}.Release|x86.Build.0 = Release|Win32
		{22D73C44-2324-4B5E-8029-F974A979F09E}.Debug|x64.ActiveCfg = Debug|x64
		{22D73C44-2324-4B5E-8029-F974A979F09E}.Debug|x64.Build.0 = Debug|x64
		{22D73C44-2324-4B5E-8029-F974A979F09E}.Debug|x86.ActiveCfg = Debug|Win32
		{22D73C44-2324-4B5E-8029-F974A979F09E}.Debug|x86.Build.0 = Debug|Win32
		{22D73C44-2324-4B5E-8029-F974A979F09E}.Release|x64.ActiveCfg = Release|x64
		{22D73C44-2324-4B5E-8029-F974A979F09E}.Release|x64.Build.0 = Release|x64
		{22D73C44-2324-4B5E-8029-F974A979F09E}.Release|x86.ActiveCfg = Release|Win32
		{22D73C44-2324-4B5E-8029-F974A979F09E}.Release|x86.Build.0 = Release|Win32
		{F269A3B4-DA92-417F-ADA6-0F943AA66EEE}.Debug|x64.ActiveCfg = Debug|x64
		{F269A3B4-DA92-417F-ADA6-0F943AA66EEE}.Debug|x64.Build.0 = Debug|x64
		{F269A3B4-DA92-417F-ADA6-0F943AA66EEE}.Debug|x86.ActiveCfg = Debug|Win32
		{F269A3B4-DA92-417F-ADA6-0F943AA66EEE}.Debug|x86.Build.0 = Debug|Win32
		{F269A3B4-DA92-417F-ADA6-0F943AA66EEE}.Release|x64.ActiveCfg = Release|x64
		{F269A3B4-DA92-417F-ADA6-0F943AA66EEE}.Release|x64.Build.0 = Release|x64
		{F269A3B4-DA92-417F-ADA6-0F943AA66EEE}.Release|x86.ActiveCfg = Release|Win32
		{F269A3B4-DA92-417F-ADA6-0F943AA66EEE}.Release|x86.Build.0 = Release|Win32
		{29BE3DC8-C123-454B-93AD-B9DE4411E811}.Debug|x64.ActiveCfg = Debug|x64
		{29BE3DC8-C123-454B-93AD-B9DE4411E811}.Debug|x64.Build.0 = Debug|x64
		{29BE3DC8-C123-454B-93AD-B9DE4411E811}.Debug|x86.ActiveCfg = Debug|Win32
		{29BE3DC8-C123-454B-93AD-B9DE4411E811}.Debug|x86.Build.0 = Debug|Win32
		{29BE3DC8-C123-454B-93AD-B9DE4411E811}.Release|x64.ActiveCfg = Release|x64
		{29BE3DC8-C123-454B-93AD-B9DE4411E811}.Release|x64.Build.0 = Release|x64
		{29BE3DC8-C123-454B-93AD-B9DE4411E811}.Release|x86.ActiveCfg = Release|Win32
		{29BE3DC8-C123-454B-93AD-B9DE4411E811}.Release|x86.Build.0 = Release|Win32
		{A2FA5B8D-4359-4CF3-A9AD-44F660605FAB}.Debug|x64.ActiveCfg = Debug|x64
		{A2FA5B8D-4359-4CF3-A9AD-44F660605FAB}.Debug|x64.Build.0 = Debug|x64
		{A2FA5B8D-4359-4CF3-A9AD-44F660605FAB}.Debug|x86.ActiveCfg = Debug|Win32
		{A2FA5B8D-4359-4CF3-A9AD-44F660605FAB}.Debug|x86.Build.0 = Debug|Win32
		{A2FA5B8D-4359-4CF3-A9AD-44F660605FAB}.Release|x64.ActiveCfg = Release|x64
		{A2FA5B8D-4359-4CF3-A9AD-44F660605FAB}.Release|x64.Build.0 = Release|x64
		{A2FA5B8D-4359-4CF3-A9AD-44F660605FAB}.Release|x86.ActiveCfg = Release|Win32
		{A2FA5B8D-4359-4CF3-A9AD-44F660605FAB}.Release|x86.Build.0 = Release|Win32
		{B6458D7F-B963-41C2-8BAB-63981635A6BD}.Debug|x64.ActiveCfg = Debug|x64
		{B6458D7F-B963-41C2-8BAB-63981635A6BD}.Debug|x64.Build.0 = Debug|x64
		{B6458D7F-B963-41C2-8BAB-63981635A6BD}.Debug|x86.ActiveCfg = Debug|Win32
		{B6458D7F-B963-41C2-8BAB-63981635A6BD}.Debug|x86.Build.0 = Debug|Win32
		{B6458D7F-B963-41C2-8BAB-63981635A6BD}.Release|x64.ActiveCfg = Release|x64
		{B6458D7F-B963-41C2-8BAB-63981635A6BD}.Release|x64.Build.0 = Release|x64
		{B6458D7F-B963-41C2-8BAB-63981635A6BD}.Release|x86.ActiveCfg = Release|Win32
		{B6458D7F-B963-41C2-8BAB-63981635A6BD}.Release|x86.Build.0 = Release|Win32
	EndGlobalSection
	GlobalSection(SolutionProperties) = preSolution
		HideSolutionNode = FALSE
	EndGlobalSection
	GlobalSection(NestedProjects) = preSolution
		{493223D0-2810-4419-92FA-85D01358172A} = {1EB192D8-3358-49A1-8887-AE14885D0651}
		{8F4B88B4-5E01-41EC-B493-C849695E3BEA} = {7AC7C15C-4D75-4134-A969-AB7C533A7C92}
		{B65D5DA0-642C-4BD6-B9F7-47AECF9CBB9B} = {7AC7C15C-4D75-4134-A969-AB7C533A7C92}
		{0662AAF0-58E9-4080-A9E6-3569922148BB} = {7AC7C15C-4D75-4134-A969-AB7C533A7C92}
		{ACE54B45-25A4-461E-8E73-1C609ECD7C6F} = {0CC862A2-784B-4F17-8D2E-A5C0EA266108}
		{B5E29179-311E-467F-9E51-A4BA5E6CEDDA} = {0CC862A2-784B-4F17-8D2E-A5C0EA266108}
		{04549DBF-8F46-4D16-9166-1948C0780DA2} = {A0233C06-4343-44EE-9775-06633180C822}
		{3629F01A-6FED-42EB-B308-E9F7F1346EAF} = {7AC7C15C-4D75-4134-A969-AB7C533A7C92}
		{34EBA08C-0F31-4C67-8C21-9C1F3743D307} = {0CC862A2-784B-4F17-8D2E-A5C0EA266108}
		{BE9965AB-6CB1-4023-8098-D97740240253} = {0CC862A2-784B-4F17-8D2E-A5C0EA266108}
		{E0B52AE7-E160-4D32-BF3F-910B785E5A8E} = {C5BFC193-0FB4-4593-AE46-FC9EBC8283DA}
		{65F2231D-FB85-4703-881B-260D58692533} = {0CC862A2-784B-4F17-8D2E-A5C0EA266108}
		{228431E1-BC30-4170-A212-59BD12A4628A} = {0CC862A2-784B-4F17-8D2E-A5C0EA266108}
		{52D656A2-A2F4-4C54-A3C7-653427BED1E8} = {C5BFC193-0FB4-4593-AE46-FC9EBC8283DA}
		{655FDAF0-D851-44F1-9788-FDEC619C2818} = {0CC862A2-784B-4F17-8D2E-A5C0EA266108}
		{F9142E47-386E-46AE-B93A-5EA9256E02D9} = {D164FDA5-D8A7-4AAF-9B7E-48041364F61E}
		{384FB0D2-D46B-4C8F-A13E-555D3B572DA7} = {8C0E6D88-4B22-4D8C-B0AA-C3130A1389EB}
		{EDC876AF-5EFE-4A2F-BAA4-99C6CDABCA05} = {D164FDA5-D8A7-4AAF-9B7E-48041364F61E}
		{712139AD-2776-49C5-835A-83AF99A4AD2C} = {D164FDA5-D8A7-4AAF-9B7E-48041364F61E}
		{9752EFD8-391D-4547-9B11-0E1A3E34584F} = {D164FDA5-D8A7-4AAF-9B7E-48041364F61E}
		{DF904FC1-580A-4DE0-BAA3-0DFED47F19AE} = {D164FDA5-D8A7-4AAF-9B7E-48041364F61E}
		{6EDA03E2-9873-49BC-AE18-F1F62102ACA7} = {D164FDA5-D8A7-4AAF-9B7E-48041364F61E}
		{AE46B314-398F-488A-87CA-03C136860CB4} = {D164FDA5-D8A7-4AAF-9B7E-48041364F61E}
		{5389BCAA-27BE-4494-8983-572907030CE5} = {C76CD4A2-1B27-4369-B4F3-15EA1C36CFB9}
		{6B3F26AA-353E-43DA-BE84-B622784008B8} = {C76CD4A2-1B27-4369-B4F3-15EA1C36CFB9}
		{D0DA6C71-EFFB-4AC6-9649-B15792A09B30} = {C76CD4A2-1B27-4369-B4F3-15EA1C36CFB9}
		{D220E88D-1D5A-4758-86DD-69F8D330DA20} = {C76CD4A2-1B27-4369-B4F3-15EA1C36CFB9}
		{516192EB-788A-4FE7-B2B7-2EF9AC036B12} = {C5BFC193-0FB4-4593-AE46-FC9EBC8283DA}
		{22D73C44-2324-4B5E-8029-F974A979F09E} = {7AC7C15C-4D75-4134-A969-AB7C533A7C92}
		{F269A3B4-DA92-417F-ADA6-0F943AA66EEE} = {C76CD4A2-1B27-4369-B4F3-15EA1C36CFB9}
		{29BE3DC8-C123-454B-93AD-B9DE4411E811} = {C76CD4A2-1B27-4369-B4F3-15EA1C36CFB9}
		{A2FA5B8D-4359-4CF3-A9AD-44F660605FAB} = {C76CD4A2-1B27-4369-B4F3-15EA1C36CFB9}
		{B6458D7F-B963-41C2-8BAB-63981635A6BD} = {C76CD4A2-1B27-4369-B4F3-15EA1C36CFB9}
	EndGlobalSection
	GlobalSection(ExtensibilityGlobals) = postSolution
		SolutionGuid = {6D0AC193-6F87-4854-B7B1-0619DF878E8F}
	EndGlobalSection
EndGlobal
